{
  "lockfileVersion": 1,
  "workspaces": {
    "": {
      "name": "buntaljs",
      "devDependencies": {
        "husky": "^9.1.7",
        "prettier": "3.5.3",
      },
    },
    "examples/preact-project": {
      "name": "preact-project",
      "dependencies": {
        "buntal": "workspace:^",
        "preact": "^10.26.8",
        "preact-async": "^10.6.8",
      },
      "devDependencies": {
        "@types/bun": "latest",
        "preact-render-to-string": "^6.5.13",
      },
      "peerDependencies": {
        "typescript": "^5",
      },
    },
    "packages/@buntal/cli": {
      "name": "@buntal/cli",
      "version": "0.0.7",
      "bin": {
        "buntal": "./index.ts",
      },
      "dependencies": {
        "commander": "^14.0.0",
      },
      "devDependencies": {
        "@types/bun": "latest",
        "@types/commander": "^2.12.5",
      },
      "peerDependencies": {
        "typescript": "^5",
      },
    },
    "packages/@buntal/core": {
      "name": "@buntal/core",
      "version": "0.0.6",
      "dependencies": {
        "bcryptjs": "^3.0.2",
        "jose": "^6.0.11",
      },
      "devDependencies": {
        "@types/bun": "latest",
      },
      "peerDependencies": {
        "typescript": "^5",
      },
    },
    "packages/buntal": {
      "name": "buntal",
      "version": "0.0.12",
      "dependencies": {
        "@buntal/core": "latest",
        "preact": "^10.26.8",
        "preact-render-to-string": "^6.5.13",
      },
      "devDependencies": {
        "@types/bun": "latest",
      },
      "peerDependencies": {
        "typescript": "^5",
      },
    },
    "packages/create-buntal": {
      "name": "create-buntal",
      "version": "0.0.9",
      "bin": {
        "create-buntal": "./index.ts",
      },
      "dependencies": {
        "commander": "^14.0.0",
      },
      "devDependencies": {
        "@types/bun": "latest",
      },
      "peerDependencies": {
        "typescript": "^5",
      },
    },
  },
  "packages": {
    "@buntal/cli": ["@buntal/cli@workspace:packages/@buntal/cli"],

    "@buntal/core": ["@buntal/core@workspace:packages/@buntal/core"],

    "@types/bun": ["@types/bun@1.2.15", "", { "dependencies": { "bun-types": "1.2.15" } }, "sha512-U1ljPdBEphF0nw1MIk0hI7kPg7dFdPyM7EenHsp6W5loNHl7zqy6JQf/RKCgnUn2KDzUpkBwHPnEJEjII594bA=="],

    "@types/commander": ["@types/commander@2.12.5", "", { "dependencies": { "commander": "*" } }, "sha512-YXGZ/rz+s57VbzcvEV9fUoXeJlBt5HaKu5iUheiIWNsJs23bz6AnRuRiZBRVBLYyPnixNvVnuzM5pSaxr8Yp/g=="],

    "@types/node": ["@types/node@22.15.29", "", { "dependencies": { "undici-types": "~6.21.0" } }, "sha512-LNdjOkUDlU1RZb8e1kOIUpN1qQUlzGkEtbVNo53vbrwDg5om6oduhm4SiUaPW5ASTXhAiP0jInWG8Qx9fVlOeQ=="],

    "bcryptjs": ["bcryptjs@3.0.2", "", { "bin": { "bcrypt": "bin/bcrypt" } }, "sha512-k38b3XOZKv60C4E2hVsXTolJWfkGRMbILBIe2IBITXciy5bOsTKot5kDrf3ZfufQtQOUN5mXceUEpU1rTl9Uog=="],

    "bun-types": ["bun-types@1.2.15", "", { "dependencies": { "@types/node": "*" } }, "sha512-NarRIaS+iOaQU1JPfyKhZm4AsUOrwUOqRNHY0XxI8GI8jYxiLXLcdjYMG9UKS+fwWasc1uw1htV9AX24dD+p4w=="],

    "buntal": ["buntal@workspace:packages/buntal"],

    "commander": ["commander@14.0.0", "", {}, "sha512-2uM9rYjPvyq39NwLRqaiLtWHyDC1FvryJDa2ATTVims5YAS4PupsEQsDvP14FqhFr0P49CYDugi59xaxJlTXRA=="],

    "create-buntal": ["create-buntal@workspace:packages/create-buntal"],

    "husky": ["husky@9.1.7", "", { "bin": { "husky": "bin.js" } }, "sha512-5gs5ytaNjBrh5Ow3zrvdUUY+0VxIuWVL4i9irt6friV+BqdCfmV11CQTWMiBYWHbXhco+J1kHfTOUkePhCDvMA=="],

    "jose": ["jose@6.0.11", "", {}, "sha512-QxG7EaliDARm1O1S8BGakqncGT9s25bKL1WSf6/oa17Tkqwi8D2ZNglqCF+DsYF88/rV66Q/Q2mFAy697E1DUg=="],

    "preact": ["preact@10.26.8", "", {}, "sha512-1nMfdFjucm5hKvq0IClqZwK4FJkGXhRrQstOQ3P4vp8HxKrJEMFcY6RdBRVTdfQS/UlnX6gfbPuTvaqx/bDoeQ=="],

    "preact-async": ["preact-async@10.6.8", "", {}, "sha512-2AlzFD8i/DWJ5MQep3VBJ1lxzv6jPPDXOAM5Wm+JuI4tsLLu4etjIURCMRB7jKT/0733gwfI74ljCmutyP9Fjg=="],

    "preact-project": ["preact-project@workspace:examples/preact-project"],

    "preact-render-to-string": ["preact-render-to-string@6.5.13", "", { "peerDependencies": { "preact": ">=10" } }, "sha512-iGPd+hKPMFKsfpR2vL4kJ6ZPcFIoWZEcBf0Dpm3zOpdVvj77aY8RlLiQji5OMrngEyaxGogeakTb54uS2FvA6w=="],

    "prettier": ["prettier@3.5.3", "", { "bin": { "prettier": "bin/prettier.cjs" } }, "sha512-QQtaxnoDJeAkDvDKWCLiwIXkTgRhwYDEQCghU9Z6q03iyek/rxRh/2lC3HB7P8sWT2xC/y5JDctPLBIGzHKbhw=="],

    "typescript": ["typescript@5.8.3", "", { "bin": { "tsc": "bin/tsc", "tsserver": "bin/tsserver" } }, "sha512-p1diW6TqL9L07nNxvRMM7hMMw4c5XOo/1ibL4aAIGmSAt9slTE1Xgw5KWuof2uTOvCg9BY7ZRi+GaF+7sfgPeQ=="],

    "undici-types": ["undici-types@6.21.0", "", {}, "sha512-iwDZqg0QAGrg9Rav5H4n0M64c3mkR59cJ6wQp+7C4nI0gsmExaedaYLNO44eT4AtBBwjbTiGPMlt2Md0T9H9JQ=="],

    "buntal/@buntal/core": ["@buntal/core@0.0.6", "", { "dependencies": { "bcryptjs": "^3.0.2", "jose": "^6.0.11" }, "peerDependencies": { "typescript": "^5" } }, "sha512-PcqdSi4MSPULJhoBilVzYs6gUTX/af04wC6xIKC7ohVS46LciLkoVR1lsIVaDeVPagcQPvJ6zvjNuZKq95KrAA=="],
  }
}
