{
  "lockfileVersion": 1,
  "configVersion": 1,
  "workspaces": {
    "": {
      "name": "buntaljs",
      "devDependencies": {
        "husky": "^9.1.7",
        "prettier": "3.5.3",
      },
    },
    "packages/@buntal/cli": {
      "name": "@buntal/cli",
      "version": "0.0.10",
      "bin": {
        "buntal": "./index.ts",
      },
      "dependencies": {
        "commander": "^14.0.0",
      },
      "devDependencies": {
        "@types/bun": "latest",
        "@types/commander": "^2.12.5",
      },
      "peerDependencies": {
        "typescript": "^5",
      },
    },
    "packages/@buntal/http": {
      "name": "@buntal/http",
      "version": "0.0.11",
      "dependencies": {
        "jose": "^6.0.11",
      },
      "devDependencies": {
        "@types/bun": "latest",
      },
      "peerDependencies": {
        "typescript": "^5",
      },
    },
    "packages/buntal": {
      "name": "buntal",
      "version": "0.1.22",
      "dependencies": {
        "@buntal/http": "latest",
        "react": "19.1.4",
        "react-dom": "19.1.4",
      },
      "devDependencies": {
        "@types/bun": "latest",
        "@types/react": "^19.1.5",
        "@types/react-dom": "^19.1.5",
      },
      "peerDependencies": {
        "typescript": "^5",
      },
    },
    "packages/create-buntal": {
      "name": "create-buntal",
      "version": "0.0.16",
      "bin": {
        "create-buntal": "./index.ts",
      },
      "dependencies": {
        "commander": "^14.0.0",
      },
      "devDependencies": {
        "@types/bun": "latest",
      },
      "peerDependencies": {
        "typescript": "^5",
      },
    },
  },
  "packages": {
    "@buntal/cli": ["@buntal/cli@workspace:packages/@buntal/cli"],

    "@buntal/http": ["@buntal/http@workspace:packages/@buntal/http"],

    "@types/bun": ["@types/bun@1.3.4", "", { "dependencies": { "bun-types": "1.3.4" } }, "sha512-EEPTKXHP+zKGPkhRLv+HI0UEX8/o+65hqARxLy8Ov5rIxMBPNTjeZww00CIihrIQGEQBYg+0roO5qOnS/7boGA=="],

    "@types/commander": ["@types/commander@2.12.5", "", { "dependencies": { "commander": "*" } }, "sha512-YXGZ/rz+s57VbzcvEV9fUoXeJlBt5HaKu5iUheiIWNsJs23bz6AnRuRiZBRVBLYyPnixNvVnuzM5pSaxr8Yp/g=="],

    "@types/node": ["@types/node@24.10.2", "", { "dependencies": { "undici-types": "~7.16.0" } }, "sha512-WOhQTZ4G8xZ1tjJTvKOpyEVSGgOTvJAfDK3FNFgELyaTpzhdgHVHeqW8V+UJvzF5BT+/B54T/1S2K6gd9c7bbA=="],

    "@types/react": ["@types/react@19.2.7", "", { "dependencies": { "csstype": "^3.2.2" } }, "sha512-MWtvHrGZLFttgeEj28VXHxpmwYbor/ATPYbBfSFZEIRK0ecCFLl2Qo55z52Hss+UV9CRN7trSeq1zbgx7YDWWg=="],

    "@types/react-dom": ["@types/react-dom@19.2.3", "", { "peerDependencies": { "@types/react": "^19.2.0" } }, "sha512-jp2L/eY6fn+KgVVQAOqYItbF0VY/YApe5Mz2F0aykSO8gx31bYCZyvSeYxCHKvzHG5eZjc+zyaS5BrBWya2+kQ=="],

    "bun-types": ["bun-types@1.3.4", "", { "dependencies": { "@types/node": "*" } }, "sha512-5ua817+BZPZOlNaRgGBpZJOSAQ9RQ17pkwPD0yR7CfJg+r8DgIILByFifDTa+IPDDxzf5VNhtNlcKqFzDgJvlQ=="],

    "buntal": ["buntal@workspace:packages/buntal"],

    "commander": ["commander@14.0.2", "", {}, "sha512-TywoWNNRbhoD0BXs1P3ZEScW8W5iKrnbithIl0YH+uCmBd0QpPOA8yc82DS3BIE5Ma6FnBVUsJ7wVUDz4dvOWQ=="],

    "create-buntal": ["create-buntal@workspace:packages/create-buntal"],

    "csstype": ["csstype@3.2.3", "", {}, "sha512-z1HGKcYy2xA8AGQfwrn0PAy+PB7X/GSj3UVJW9qKyn43xWa+gl5nXmU4qqLMRzWVLFC8KusUX8T/0kCiOYpAIQ=="],

    "husky": ["husky@9.1.7", "", { "bin": { "husky": "bin.js" } }, "sha512-5gs5ytaNjBrh5Ow3zrvdUUY+0VxIuWVL4i9irt6friV+BqdCfmV11CQTWMiBYWHbXhco+J1kHfTOUkePhCDvMA=="],

    "jose": ["jose@6.1.3", "", {}, "sha512-0TpaTfihd4QMNwrz/ob2Bp7X04yuxJkjRGi4aKmOqwhov54i6u79oCv7T+C7lo70MKH6BesI3vscD1yb/yzKXQ=="],

    "prettier": ["prettier@3.5.3", "", { "bin": { "prettier": "bin/prettier.cjs" } }, "sha512-QQtaxnoDJeAkDvDKWCLiwIXkTgRhwYDEQCghU9Z6q03iyek/rxRh/2lC3HB7P8sWT2xC/y5JDctPLBIGzHKbhw=="],

    "react": ["react@19.1.4", "", {}, "sha512-DHINL3PAmPUiK1uszfbKiXqfE03eszdt5BpVSuEAHb5nfmNPwnsy7g39h2t8aXFc/Bv99GH81s+j8dobtD+jOw=="],

    "react-dom": ["react-dom@19.1.4", "", { "dependencies": { "scheduler": "^0.26.0" }, "peerDependencies": { "react": "^19.1.4" } }, "sha512-s2868ab/xo2SI6H4106A7aFI8Mrqa4xC6HZT/pBzYyQ3cBLqa88hu47xYD8xf+uECleN698Awn7RCWlkTiKnqQ=="],

    "scheduler": ["scheduler@0.26.0", "", {}, "sha512-NlHwttCI/l5gCPR3D1nNXtWABUmBwvZpEQiD4IXSbIDq8BzLIK/7Ir5gTFSGZDUu37K5cMNp0hFtzO38sC7gWA=="],

    "typescript": ["typescript@5.9.3", "", { "bin": { "tsc": "bin/tsc", "tsserver": "bin/tsserver" } }, "sha512-jl1vZzPDinLr9eUt3J/t7V6FgNEw9QjvBPdysz9KfQDD41fQrC2Y4vKQdiaUpFT4bXlb1RHhLpp8wtm6M5TgSw=="],

    "undici-types": ["undici-types@7.16.0", "", {}, "sha512-Zz+aZWSj8LE6zoxD+xrjh4VfkIG8Ya6LvYkZqtUQGJPZjYl53ypCaUwWqo7eI0x66KBGeRo+mlBEkMSeSZ38Nw=="],

    "buntal/@buntal/http": ["@buntal/http@0.0.11", "", { "dependencies": { "jose": "^6.0.11" }, "peerDependencies": { "typescript": "^5" } }, "sha512-LD8DSJb6bcMf+zbvtUvzgjU3PAWRogoANw7eB6QTo/xPqR44eQjLo8+NvInukbPcLaGKcNuWz9tH2mfSsjrv0g=="],
  }
}
